
Microsoft Visual Studio Solution File, Format Version 12.00
# Visual Studio Version 16
VisualStudioVersion = 16.0.34031.81
MinimumVisualStudioVersion = 10.0.40219.1
Project("{2150E333-8FDC-42A3-9474-1A3956D46DE8}") = "Task0", "Task0", "{5A7A9A83-F133-4090-BB81-E20B75B50838}"
EndProject
Project("{FAE04EC0-301F-11D3-BF4B-00C04F79EFBC}") = "Tyuiu.MalsagovUA.Sprint2.Task0.V21", "Tyuiu.MalsagovUA.Sprint2.Task0.V21\Tyuiu.MalsagovUA.Sprint2.Task0.V21.csproj", "{827EC7CF-6D30-42F0-8801-E48F82725868}"
EndProject
Project("{FAE04EC0-301F-11D3-BF4B-00C04F79EFBC}") = "Tyuiu.MalsagovUA.Sprint2.Task0.V21.Test", "Tyuiu.MalsagovUA.Sprint2.Task0.V21.Test\Tyuiu.MalsagovUA.Sprint2.Task0.V21.Test.csproj", "{7FE32B8B-CBD0-4477-BB33-0B0B96FDB7A7}"
EndProject
Project("{FAE04EC0-301F-11D3-BF4B-00C04F79EFBC}") = "Tyuiu.MalsagovUA.Sprint2.Task0.V21.Lib", "Tyuiu.MalsagovUA.Sprint2.Task0.V21.Lib\Tyuiu.MalsagovUA.Sprint2.Task0.V21.Lib.csproj", "{76FE6DB1-5959-40B4-8640-C94C9F18CDA5}"
EndProject
Global
	GlobalSection(SolutionConfigurationPlatforms) = preSolution
		Debug|Any CPU = Debug|Any CPU
		Release|Any CPU = Release|Any CPU
	EndGlobalSection
	GlobalSection(ProjectConfigurationPlatforms) = postSolution
		{827EC7CF-6D30-42F0-8801-E48F82725868}.Debug|Any CPU.ActiveCfg = Debug|Any CPU
		{827EC7CF-6D30-42F0-8801-E48F82725868}.Debug|Any CPU.Build.0 = Debug|Any CPU
		{827EC7CF-6D30-42F0-8801-E48F82725868}.Release|Any CPU.ActiveCfg = Release|Any CPU
		{827EC7CF-6D30-42F0-8801-E48F82725868}.Release|Any CPU.Build.0 = Release|Any CPU
		{7FE32B8B-CBD0-4477-BB33-0B0B96FDB7A7}.Debug|Any CPU.ActiveCfg = Debug|Any CPU
		{7FE32B8B-CBD0-4477-BB33-0B0B96FDB7A7}.Debug|Any CPU.Build.0 = Debug|Any CPU
		{7FE32B8B-CBD0-4477-BB33-0B0B96FDB7A7}.Release|Any CPU.ActiveCfg = Release|Any CPU
		{7FE32B8B-CBD0-4477-BB33-0B0B96FDB7A7}.Release|Any CPU.Build.0 = Release|Any CPU
		{76FE6DB1-5959-40B4-8640-C94C9F18CDA5}.Debug|Any CPU.ActiveCfg = Debug|Any CPU
		{76FE6DB1-5959-40B4-8640-C94C9F18CDA5}.Debug|Any CPU.Build.0 = Debug|Any CPU
		{76FE6DB1-5959-40B4-8640-C94C9F18CDA5}.Release|Any CPU.ActiveCfg = Release|Any CPU
		{76FE6DB1-5959-40B4-8640-C94C9F18CDA5}.Release|Any CPU.Build.0 = Release|Any CPU
	EndGlobalSection
	GlobalSection(SolutionProperties) = preSolution
		HideSolutionNode = FALSE
	EndGlobalSection
	GlobalSection(NestedProjects) = preSolution
		{827EC7CF-6D30-42F0-8801-E48F82725868} = {5A7A9A83-F133-4090-BB81-E20B75B50838}
		{7FE32B8B-CBD0-4477-BB33-0B0B96FDB7A7} = {5A7A9A83-F133-4090-BB81-E20B75B50838}
		{76FE6DB1-5959-40B4-8640-C94C9F18CDA5} = {5A7A9A83-F133-4090-BB81-E20B75B50838}
	EndGlobalSection
	GlobalSection(ExtensibilityGlobals) = postSolution
		SolutionGuid = {C61DDE93-0F03-4346-991C-D17C88C2E79E}
	EndGlobalSection
EndGlobal
