
Microsoft Visual Studio Solution File, Format Version 12.00
# Visual Studio Version 16
VisualStudioVersion = 16.0.34031.81
MinimumVisualStudioVersion = 10.0.40219.1
Project("{2150E333-8FDC-42A3-9474-1A3956D46DE8}") = "Task0", "Task0", "{5A7A9A83-F133-4090-BB81-E20B75B50838}"
EndProject
Project("{FAE04EC0-301F-11D3-BF4B-00C04F79EFBC}") = "Tyuiu.MalsagovUA.Sprint2.Task0.V21", "Tyuiu.MalsagovUA.Sprint2.Task0.V21\Tyuiu.MalsagovUA.Sprint2.Task0.V21.csproj", "{827EC7CF-6D30-42F0-8801-E48F82725868}"
EndProject
Project("{FAE04EC0-301F-11D3-BF4B-00C04F79EFBC}") = "Tyuiu.MalsagovUA.Sprint2.Task0.V21.Test", "Tyuiu.MalsagovUA.Sprint2.Task0.V21.Test\Tyuiu.MalsagovUA.Sprint2.Task0.V21.Test.csproj", "{7FE32B8B-CBD0-4477-BB33-0B0B96FDB7A7}"
EndProject
Project("{FAE04EC0-301F-11D3-BF4B-00C04F79EFBC}") = "Tyuiu.MalsagovUA.Sprint2.Task0.V21.Lib", "Tyuiu.MalsagovUA.Sprint2.Task0.V21.Lib\Tyuiu.MalsagovUA.Sprint2.Task0.V21.Lib.csproj", "{76FE6DB1-5959-40B4-8640-C94C9F18CDA5}"
EndProject
Project("{2150E333-8FDC-42A3-9474-1A3956D46DE8}") = "Task1", "Task1", "{C1D6DD9C-CCBE-4FC8-95A7-327F8AE87FB9}"
EndProject
Project("{FAE04EC0-301F-11D3-BF4B-00C04F79EFBC}") = "Tyuiu.MalsagovUA.Sprint2.Task1.V30", "Tyuiu.MalsagovUA.Sprint2.Task1.V30\Tyuiu.MalsagovUA.Sprint2.Task1.V30.csproj", "{42AB2BD3-941C-4903-889F-A147968899FF}"
EndProject
Project("{FAE04EC0-301F-11D3-BF4B-00C04F79EFBC}") = "Tyuiu.MalsagovUA.Sprint2.Task1.V30.Lib", "Tyuiu.MalsagovUA.Sprint2.Task1.V30.Lib\Tyuiu.MalsagovUA.Sprint2.Task1.V30.Lib.csproj", "{B0D722E3-3C49-46FB-8187-82C89D722286}"
EndProject
Project("{FAE04EC0-301F-11D3-BF4B-00C04F79EFBC}") = "Tyuiu.MalsagovUA.Sprint2.Task1.V30.Test", "Tyuiu.MalsagovUA.Sprint2.Task1.V30.Test\Tyuiu.MalsagovUA.Sprint2.Task1.V30.Test.csproj", "{112348A3-1F07-4FD0-8CA0-2AC6119AA641}"
EndProject
Global
	GlobalSection(SolutionConfigurationPlatforms) = preSolution
		Debug|Any CPU = Debug|Any CPU
		Release|Any CPU = Release|Any CPU
	EndGlobalSection
	GlobalSection(ProjectConfigurationPlatforms) = postSolution
		{827EC7CF-6D30-42F0-8801-E48F82725868}.Debug|Any CPU.ActiveCfg = Debug|Any CPU
		{827EC7CF-6D30-42F0-8801-E48F82725868}.Debug|Any CPU.Build.0 = Debug|Any CPU
		{827EC7CF-6D30-42F0-8801-E48F82725868}.Release|Any CPU.ActiveCfg = Release|Any CPU
		{827EC7CF-6D30-42F0-8801-E48F82725868}.Release|Any CPU.Build.0 = Release|Any CPU
		{7FE32B8B-CBD0-4477-BB33-0B0B96FDB7A7}.Debug|Any CPU.ActiveCfg = Debug|Any CPU
		{7FE32B8B-CBD0-4477-BB33-0B0B96FDB7A7}.Debug|Any CPU.Build.0 = Debug|Any CPU
		{7FE32B8B-CBD0-4477-BB33-0B0B96FDB7A7}.Release|Any CPU.ActiveCfg = Release|Any CPU
		{7FE32B8B-CBD0-4477-BB33-0B0B96FDB7A7}.Release|Any CPU.Build.0 = Release|Any CPU
		{76FE6DB1-5959-40B4-8640-C94C9F18CDA5}.Debug|Any CPU.ActiveCfg = Debug|Any CPU
		{76FE6DB1-5959-40B4-8640-C94C9F18CDA5}.Debug|Any CPU.Build.0 = Debug|Any CPU
		{76FE6DB1-5959-40B4-8640-C94C9F18CDA5}.Release|Any CPU.ActiveCfg = Release|Any CPU
		{76FE6DB1-5959-40B4-8640-C94C9F18CDA5}.Release|Any CPU.Build.0 = Release|Any CPU
		{42AB2BD3-941C-4903-889F-A147968899FF}.Debug|Any CPU.ActiveCfg = Debug|Any CPU
		{42AB2BD3-941C-4903-889F-A147968899FF}.Debug|Any CPU.Build.0 = Debug|Any CPU
		{42AB2BD3-941C-4903-889F-A147968899FF}.Release|Any CPU.ActiveCfg = Release|Any CPU
		{42AB2BD3-941C-4903-889F-A147968899FF}.Release|Any CPU.Build.0 = Release|Any CPU
		{B0D722E3-3C49-46FB-8187-82C89D722286}.Debug|Any CPU.ActiveCfg = Debug|Any CPU
		{B0D722E3-3C49-46FB-8187-82C89D722286}.Debug|Any CPU.Build.0 = Debug|Any CPU
		{B0D722E3-3C49-46FB-8187-82C89D722286}.Release|Any CPU.ActiveCfg = Release|Any CPU
		{B0D722E3-3C49-46FB-8187-82C89D722286}.Release|Any CPU.Build.0 = Release|Any CPU
		{112348A3-1F07-4FD0-8CA0-2AC6119AA641}.Debug|Any CPU.ActiveCfg = Debug|Any CPU
		{112348A3-1F07-4FD0-8CA0-2AC6119AA641}.Debug|Any CPU.Build.0 = Debug|Any CPU
		{112348A3-1F07-4FD0-8CA0-2AC6119AA641}.Release|Any CPU.ActiveCfg = Release|Any CPU
		{112348A3-1F07-4FD0-8CA0-2AC6119AA641}.Release|Any CPU.Build.0 = Release|Any CPU
	EndGlobalSection
	GlobalSection(SolutionProperties) = preSolution
		HideSolutionNode = FALSE
	EndGlobalSection
	GlobalSection(NestedProjects) = preSolution
		{827EC7CF-6D30-42F0-8801-E48F82725868} = {5A7A9A83-F133-4090-BB81-E20B75B50838}
		{7FE32B8B-CBD0-4477-BB33-0B0B96FDB7A7} = {5A7A9A83-F133-4090-BB81-E20B75B50838}
		{76FE6DB1-5959-40B4-8640-C94C9F18CDA5} = {5A7A9A83-F133-4090-BB81-E20B75B50838}
		{42AB2BD3-941C-4903-889F-A147968899FF} = {C1D6DD9C-CCBE-4FC8-95A7-327F8AE87FB9}
		{B0D722E3-3C49-46FB-8187-82C89D722286} = {C1D6DD9C-CCBE-4FC8-95A7-327F8AE87FB9}
		{112348A3-1F07-4FD0-8CA0-2AC6119AA641} = {C1D6DD9C-CCBE-4FC8-95A7-327F8AE87FB9}
	EndGlobalSection
	GlobalSection(ExtensibilityGlobals) = postSolution
		SolutionGuid = {C61DDE93-0F03-4346-991C-D17C88C2E79E}
	EndGlobalSection
EndGlobal
