
Microsoft Visual Studio Solution File, Format Version 12.00
# Visual Studio Version 16
VisualStudioVersion = 16.0.34031.81
MinimumVisualStudioVersion = 10.0.40219.1
Project("{2150E333-8FDC-42A3-9474-1A3956D46DE8}") = "Task0", "Task0", "{5A7A9A83-F133-4090-BB81-E20B75B50838}"
EndProject
Project("{FAE04EC0-301F-11D3-BF4B-00C04F79EFBC}") = "Tyuiu.MalsagovUA.Sprint2.Task0.V21", "Tyuiu.MalsagovUA.Sprint2.Task0.V21\Tyuiu.MalsagovUA.Sprint2.Task0.V21.csproj", "{827EC7CF-6D30-42F0-8801-E48F82725868}"
EndProject
Project("{FAE04EC0-301F-11D3-BF4B-00C04F79EFBC}") = "Tyuiu.MalsagovUA.Sprint2.Task0.V21.Test", "Tyuiu.MalsagovUA.Sprint2.Task0.V21.Test\Tyuiu.MalsagovUA.Sprint2.Task0.V21.Test.csproj", "{7FE32B8B-CBD0-4477-BB33-0B0B96FDB7A7}"
EndProject
Project("{FAE04EC0-301F-11D3-BF4B-00C04F79EFBC}") = "Tyuiu.MalsagovUA.Sprint2.Task0.V21.Lib", "Tyuiu.MalsagovUA.Sprint2.Task0.V21.Lib\Tyuiu.MalsagovUA.Sprint2.Task0.V21.Lib.csproj", "{76FE6DB1-5959-40B4-8640-C94C9F18CDA5}"
EndProject
Project("{2150E333-8FDC-42A3-9474-1A3956D46DE8}") = "Task1", "Task1", "{C1D6DD9C-CCBE-4FC8-95A7-327F8AE87FB9}"
EndProject
Project("{FAE04EC0-301F-11D3-BF4B-00C04F79EFBC}") = "Tyuiu.MalsagovUA.Sprint2.Task1.V30", "Tyuiu.MalsagovUA.Sprint2.Task1.V30\Tyuiu.MalsagovUA.Sprint2.Task1.V30.csproj", "{42AB2BD3-941C-4903-889F-A147968899FF}"
EndProject
Project("{FAE04EC0-301F-11D3-BF4B-00C04F79EFBC}") = "Tyuiu.MalsagovUA.Sprint2.Task1.V30.Lib", "Tyuiu.MalsagovUA.Sprint2.Task1.V30.Lib\Tyuiu.MalsagovUA.Sprint2.Task1.V30.Lib.csproj", "{B0D722E3-3C49-46FB-8187-82C89D722286}"
EndProject
Project("{FAE04EC0-301F-11D3-BF4B-00C04F79EFBC}") = "Tyuiu.MalsagovUA.Sprint2.Task1.V30.Test", "Tyuiu.MalsagovUA.Sprint2.Task1.V30.Test\Tyuiu.MalsagovUA.Sprint2.Task1.V30.Test.csproj", "{112348A3-1F07-4FD0-8CA0-2AC6119AA641}"
EndProject
Project("{2150E333-8FDC-42A3-9474-1A3956D46DE8}") = "Task2", "Task2", "{6014DA4F-1480-4BE3-8D15-4ECBC802F170}"
EndProject
Project("{FAE04EC0-301F-11D3-BF4B-00C04F79EFBC}") = "Tyuiu.MalsagovUA.Sprint2.Task2.V15", "Tyuiu.MalsagovUA.Sprint2.Task2.V15\Tyuiu.MalsagovUA.Sprint2.Task2.V15.csproj", "{EE2AF062-4D40-439C-9303-2294861110C3}"
EndProject
Project("{FAE04EC0-301F-11D3-BF4B-00C04F79EFBC}") = "Tyuiu.MalsagovUA.Sprint2.Task2.V15.Lib", "Tyuiu.MalsagovUA.Sprint2.Task2.V15.Lib\Tyuiu.MalsagovUA.Sprint2.Task2.V15.Lib.csproj", "{55C39829-B9EE-468E-A1FF-C6BD0E3E8905}"
EndProject
Project("{FAE04EC0-301F-11D3-BF4B-00C04F79EFBC}") = "Tyuiu.MalsagovUA.Sprint2.Task2.V15.Test", "Tyuiu.MalsagovUA.Sprint2.Task2.V15.Test\Tyuiu.MalsagovUA.Sprint2.Task2.V15.Test.csproj", "{7EC3CA7A-2ACD-4C0E-A04A-0FBE728D6ED9}"
EndProject
Project("{2150E333-8FDC-42A3-9474-1A3956D46DE8}") = "Task3", "Task3", "{B00E629A-A961-4460-B600-D9ACD69B9370}"
EndProject
Project("{FAE04EC0-301F-11D3-BF4B-00C04F79EFBC}") = "Tyuiu.MalsagovUA.Sprint2.Task3.V4", "Tyuiu.MalsagovUA.Sprint2.Task3.V4\Tyuiu.MalsagovUA.Sprint2.Task3.V4.csproj", "{B5F375A9-F4E7-4408-809D-458ECAF34453}"
EndProject
Project("{FAE04EC0-301F-11D3-BF4B-00C04F79EFBC}") = "Tyuiu.MalsagovUA.Sprint2.Task3.V4.Lib", "Tyuiu.MalsagovUA.Sprint2.Task3.V4.Lib\Tyuiu.MalsagovUA.Sprint2.Task3.V4.Lib.csproj", "{D8656FC8-7B48-4176-92D4-C246C62094EC}"
EndProject
Project("{FAE04EC0-301F-11D3-BF4B-00C04F79EFBC}") = "Tyuiu.MalsagovUA.Sprint2.Task3.V4.Test", "Tyuiu.MalsagovUA.Sprint2.Task3.V4.Test\Tyuiu.MalsagovUA.Sprint2.Task3.V4.Test.csproj", "{02973BC2-EB43-4D93-B9EF-7C33759DC4E8}"
EndProject
Global
	GlobalSection(SolutionConfigurationPlatforms) = preSolution
		Debug|Any CPU = Debug|Any CPU
		Release|Any CPU = Release|Any CPU
	EndGlobalSection
	GlobalSection(ProjectConfigurationPlatforms) = postSolution
		{827EC7CF-6D30-42F0-8801-E48F82725868}.Debug|Any CPU.ActiveCfg = Debug|Any CPU
		{827EC7CF-6D30-42F0-8801-E48F82725868}.Debug|Any CPU.Build.0 = Debug|Any CPU
		{827EC7CF-6D30-42F0-8801-E48F82725868}.Release|Any CPU.ActiveCfg = Release|Any CPU
		{827EC7CF-6D30-42F0-8801-E48F82725868}.Release|Any CPU.Build.0 = Release|Any CPU
		{7FE32B8B-CBD0-4477-BB33-0B0B96FDB7A7}.Debug|Any CPU.ActiveCfg = Debug|Any CPU
		{7FE32B8B-CBD0-4477-BB33-0B0B96FDB7A7}.Debug|Any CPU.Build.0 = Debug|Any CPU
		{7FE32B8B-CBD0-4477-BB33-0B0B96FDB7A7}.Release|Any CPU.ActiveCfg = Release|Any CPU
		{7FE32B8B-CBD0-4477-BB33-0B0B96FDB7A7}.Release|Any CPU.Build.0 = Release|Any CPU
		{76FE6DB1-5959-40B4-8640-C94C9F18CDA5}.Debug|Any CPU.ActiveCfg = Debug|Any CPU
		{76FE6DB1-5959-40B4-8640-C94C9F18CDA5}.Debug|Any CPU.Build.0 = Debug|Any CPU
		{76FE6DB1-5959-40B4-8640-C94C9F18CDA5}.Release|Any CPU.ActiveCfg = Release|Any CPU
		{76FE6DB1-5959-40B4-8640-C94C9F18CDA5}.Release|Any CPU.Build.0 = Release|Any CPU
		{42AB2BD3-941C-4903-889F-A147968899FF}.Debug|Any CPU.ActiveCfg = Debug|Any CPU
		{42AB2BD3-941C-4903-889F-A147968899FF}.Debug|Any CPU.Build.0 = Debug|Any CPU
		{42AB2BD3-941C-4903-889F-A147968899FF}.Release|Any CPU.ActiveCfg = Release|Any CPU
		{42AB2BD3-941C-4903-889F-A147968899FF}.Release|Any CPU.Build.0 = Release|Any CPU
		{B0D722E3-3C49-46FB-8187-82C89D722286}.Debug|Any CPU.ActiveCfg = Debug|Any CPU
		{B0D722E3-3C49-46FB-8187-82C89D722286}.Debug|Any CPU.Build.0 = Debug|Any CPU
		{B0D722E3-3C49-46FB-8187-82C89D722286}.Release|Any CPU.ActiveCfg = Release|Any CPU
		{B0D722E3-3C49-46FB-8187-82C89D722286}.Release|Any CPU.Build.0 = Release|Any CPU
		{112348A3-1F07-4FD0-8CA0-2AC6119AA641}.Debug|Any CPU.ActiveCfg = Debug|Any CPU
		{112348A3-1F07-4FD0-8CA0-2AC6119AA641}.Debug|Any CPU.Build.0 = Debug|Any CPU
		{112348A3-1F07-4FD0-8CA0-2AC6119AA641}.Release|Any CPU.ActiveCfg = Release|Any CPU
		{112348A3-1F07-4FD0-8CA0-2AC6119AA641}.Release|Any CPU.Build.0 = Release|Any CPU
		{EE2AF062-4D40-439C-9303-2294861110C3}.Debug|Any CPU.ActiveCfg = Debug|Any CPU
		{EE2AF062-4D40-439C-9303-2294861110C3}.Debug|Any CPU.Build.0 = Debug|Any CPU
		{EE2AF062-4D40-439C-9303-2294861110C3}.Release|Any CPU.ActiveCfg = Release|Any CPU
		{EE2AF062-4D40-439C-9303-2294861110C3}.Release|Any CPU.Build.0 = Release|Any CPU
		{55C39829-B9EE-468E-A1FF-C6BD0E3E8905}.Debug|Any CPU.ActiveCfg = Debug|Any CPU
		{55C39829-B9EE-468E-A1FF-C6BD0E3E8905}.Debug|Any CPU.Build.0 = Debug|Any CPU
		{55C39829-B9EE-468E-A1FF-C6BD0E3E8905}.Release|Any CPU.ActiveCfg = Release|Any CPU
		{55C39829-B9EE-468E-A1FF-C6BD0E3E8905}.Release|Any CPU.Build.0 = Release|Any CPU
		{7EC3CA7A-2ACD-4C0E-A04A-0FBE728D6ED9}.Debug|Any CPU.ActiveCfg = Debug|Any CPU
		{7EC3CA7A-2ACD-4C0E-A04A-0FBE728D6ED9}.Debug|Any CPU.Build.0 = Debug|Any CPU
		{7EC3CA7A-2ACD-4C0E-A04A-0FBE728D6ED9}.Release|Any CPU.ActiveCfg = Release|Any CPU
		{7EC3CA7A-2ACD-4C0E-A04A-0FBE728D6ED9}.Release|Any CPU.Build.0 = Release|Any CPU
		{B5F375A9-F4E7-4408-809D-458ECAF34453}.Debug|Any CPU.ActiveCfg = Debug|Any CPU
		{B5F375A9-F4E7-4408-809D-458ECAF34453}.Debug|Any CPU.Build.0 = Debug|Any CPU
		{B5F375A9-F4E7-4408-809D-458ECAF34453}.Release|Any CPU.ActiveCfg = Release|Any CPU
		{B5F375A9-F4E7-4408-809D-458ECAF34453}.Release|Any CPU.Build.0 = Release|Any CPU
		{D8656FC8-7B48-4176-92D4-C246C62094EC}.Debug|Any CPU.ActiveCfg = Debug|Any CPU
		{D8656FC8-7B48-4176-92D4-C246C62094EC}.Debug|Any CPU.Build.0 = Debug|Any CPU
		{D8656FC8-7B48-4176-92D4-C246C62094EC}.Release|Any CPU.ActiveCfg = Release|Any CPU
		{D8656FC8-7B48-4176-92D4-C246C62094EC}.Release|Any CPU.Build.0 = Release|Any CPU
		{02973BC2-EB43-4D93-B9EF-7C33759DC4E8}.Debug|Any CPU.ActiveCfg = Debug|Any CPU
		{02973BC2-EB43-4D93-B9EF-7C33759DC4E8}.Debug|Any CPU.Build.0 = Debug|Any CPU
		{02973BC2-EB43-4D93-B9EF-7C33759DC4E8}.Release|Any CPU.ActiveCfg = Release|Any CPU
		{02973BC2-EB43-4D93-B9EF-7C33759DC4E8}.Release|Any CPU.Build.0 = Release|Any CPU
	EndGlobalSection
	GlobalSection(SolutionProperties) = preSolution
		HideSolutionNode = FALSE
	EndGlobalSection
	GlobalSection(NestedProjects) = preSolution
		{827EC7CF-6D30-42F0-8801-E48F82725868} = {5A7A9A83-F133-4090-BB81-E20B75B50838}
		{7FE32B8B-CBD0-4477-BB33-0B0B96FDB7A7} = {5A7A9A83-F133-4090-BB81-E20B75B50838}
		{76FE6DB1-5959-40B4-8640-C94C9F18CDA5} = {5A7A9A83-F133-4090-BB81-E20B75B50838}
		{42AB2BD3-941C-4903-889F-A147968899FF} = {C1D6DD9C-CCBE-4FC8-95A7-327F8AE87FB9}
		{B0D722E3-3C49-46FB-8187-82C89D722286} = {C1D6DD9C-CCBE-4FC8-95A7-327F8AE87FB9}
		{112348A3-1F07-4FD0-8CA0-2AC6119AA641} = {C1D6DD9C-CCBE-4FC8-95A7-327F8AE87FB9}
		{EE2AF062-4D40-439C-9303-2294861110C3} = {6014DA4F-1480-4BE3-8D15-4ECBC802F170}
		{55C39829-B9EE-468E-A1FF-C6BD0E3E8905} = {6014DA4F-1480-4BE3-8D15-4ECBC802F170}
		{7EC3CA7A-2ACD-4C0E-A04A-0FBE728D6ED9} = {6014DA4F-1480-4BE3-8D15-4ECBC802F170}
		{B5F375A9-F4E7-4408-809D-458ECAF34453} = {B00E629A-A961-4460-B600-D9ACD69B9370}
		{D8656FC8-7B48-4176-92D4-C246C62094EC} = {B00E629A-A961-4460-B600-D9ACD69B9370}
		{02973BC2-EB43-4D93-B9EF-7C33759DC4E8} = {B00E629A-A961-4460-B600-D9ACD69B9370}
	EndGlobalSection
	GlobalSection(ExtensibilityGlobals) = postSolution
		SolutionGuid = {C61DDE93-0F03-4346-991C-D17C88C2E79E}
	EndGlobalSection
EndGlobal
